
Microsoft Visual Studio Solution File, Format Version 12.00
# Visual Studio 14
VisualStudioVersion = 14.0.25420.1
MinimumVisualStudioVersion = 10.0.40219.1
Project("{FAE04EC0-301F-11D3-BF4B-00C04F79EFBC}") = "01. Passed", "01. Passed\01. Passed.csproj", "{8E87E4CC-D491-43D1-9BDE-3C53B1736749}"
EndProject
Project("{FAE04EC0-301F-11D3-BF4B-00C04F79EFBC}") = "02. Passed or Failed", "02. Passed or Failed\02. Passed or Failed.csproj", "{D1624228-1D4A-4EF9-A16A-05A9D3B23598}"
EndProject
Global
	GlobalSection(SolutionConfigurationPlatforms) = preSolution
		Debug|Any CPU = Debug|Any CPU
		Release|Any CPU = Release|Any CPU
	EndGlobalSection
	GlobalSection(ProjectConfigurationPlatforms) = postSolution
		{8E87E4CC-D491-43D1-9BDE-3C53B1736749}.Debug|Any CPU.ActiveCfg = Debug|Any CPU
		{8E87E4CC-D491-43D1-9BDE-3C53B1736749}.Debug|Any CPU.Build.0 = Debug|Any CPU
		{8E87E4CC-D491-43D1-9BDE-3C53B1736749}.Release|Any CPU.ActiveCfg = Release|Any CPU
		{8E87E4CC-D491-43D1-9BDE-3C53B1736749}.Release|Any CPU.Build.0 = Release|Any CPU
		{D1624228-1D4A-4EF9-A16A-05A9D3B23598}.Debug|Any CPU.ActiveCfg = Debug|Any CPU
		{D1624228-1D4A-4EF9-A16A-05A9D3B23598}.Debug|Any CPU.Build.0 = Debug|Any CPU
		{D1624228-1D4A-4EF9-A16A-05A9D3B23598}.Release|Any CPU.ActiveCfg = Release|Any CPU
		{D1624228-1D4A-4EF9-A16A-05A9D3B23598}.Release|Any CPU.Build.0 = Release|Any CPU
	EndGlobalSection
	GlobalSection(SolutionProperties) = preSolution
		HideSolutionNode = FALSE
	EndGlobalSection
EndGlobal
